// !$*UTF8*$!
{
	archiveVersion = 1;
	classes = {
	};
	objectVersion = 52;
	objects = {

/* Begin PBXBuildFile section */
		7118D4FF25FE018C00A84FCD /* KindaDeclarativeUIDemoApp.swift in Sources */ = {isa = PBXBuildFile; fileRef = 7118D4FE25FE018C00A84FCD /* KindaDeclarativeUIDemoApp.swift */; };
		7118D50125FE018C00A84FCD /* ContentView.swift in Sources */ = {isa = PBXBuildFile; fileRef = 7118D50025FE018C00A84FCD /* ContentView.swift */; };
		7118D50325FE018D00A84FCD /* Assets.xcassets in Resources */ = {isa = PBXBuildFile; fileRef = 7118D50225FE018D00A84FCD /* Assets.xcassets */; };
		7118D50625FE018D00A84FCD /* Preview Assets.xcassets in Resources */ = {isa = PBXBuildFile; fileRef = 7118D50525FE018D00A84FCD /* Preview Assets.xcassets */; };
		713798B125FE049200A7FB73 /* KindaDeclarativeUI in Frameworks */ = {isa = PBXBuildFile; productRef = 713798B025FE049200A7FB73 /* KindaDeclarativeUI */; };
		718BA682262832AF00FD9F6B /* StackView+SwiftUI.swift in Sources */ = {isa = PBXBuildFile; fileRef = 718BA681262832AF00FD9F6B /* StackView+SwiftUI.swift */; };
/* End PBXBuildFile section */

/* Begin PBXFileReference section */
		7118D4FB25FE018C00A84FCD /* KindaDeclarativeUIDemo.app */ = {isa = PBXFileReference; explicitFileType = wrapper.application; includeInIndex = 0; path = KindaDeclarativeUIDemo.app; sourceTree = BUILT_PRODUCTS_DIR; };
		7118D4FE25FE018C00A84FCD /* KindaDeclarativeUIDemoApp.swift */ = {isa = PBXFileReference; lastKnownFileType = sourcecode.swift; path = KindaDeclarativeUIDemoApp.swift; sourceTree = "<group>"; };
		7118D50025FE018C00A84FCD /* ContentView.swift */ = {isa = PBXFileReference; lastKnownFileType = sourcecode.swift; path = ContentView.swift; sourceTree = "<group>"; };
		7118D50225FE018D00A84FCD /* Assets.xcassets */ = {isa = PBXFileReference; lastKnownFileType = folder.assetcatalog; path = Assets.xcassets; sourceTree = "<group>"; };
		7118D50525FE018D00A84FCD /* Preview Assets.xcassets */ = {isa = PBXFileReference; lastKnownFileType = folder.assetcatalog; path = "Preview Assets.xcassets"; sourceTree = "<group>"; };
		7118D50725FE018D00A84FCD /* Info.plist */ = {isa = PBXFileReference; lastKnownFileType = text.plist.xml; path = Info.plist; sourceTree = "<group>"; };
		715640ED25FE047800DAF8F5 /* KindaDeclarativeUI */ = {isa = PBXFileReference; lastKnownFileType = folder; name = KindaDeclarativeUI; path = ..; sourceTree = "<group>"; };
		718BA681262832AF00FD9F6B /* StackView+SwiftUI.swift */ = {isa = PBXFileReference; fileEncoding = 4; lastKnownFileType = sourcecode.swift; path = "StackView+SwiftUI.swift"; sourceTree = "<group>"; };
/* End PBXFileReference section */

/* Begin PBXFrameworksBuildPhase section */
		7118D4F825FE018C00A84FCD /* Frameworks */ = {
			isa = PBXFrameworksBuildPhase;
			buildActionMask = 2147483647;
			files = (
				713798B125FE049200A7FB73 /* KindaDeclarativeUI in Frameworks */,
			);
			runOnlyForDeploymentPostprocessing = 0;
		};
/* End PBXFrameworksBuildPhase section */

/* Begin PBXGroup section */
		7118D4F225FE018C00A84FCD = {
			isa = PBXGroup;
			children = (
				715640ED25FE047800DAF8F5 /* KindaDeclarativeUI */,
				7118D4FD25FE018C00A84FCD /* KindaDeclarativeUIDemo */,
				7118D4FC25FE018C00A84FCD /* Products */,
				71A5B22F25FE030C000A8CB4 /* Frameworks */,
			);
			sourceTree = "<group>";
		};
		7118D4FC25FE018C00A84FCD /* Products */ = {
			isa = PBXGroup;
			children = (
				7118D4FB25FE018C00A84FCD /* KindaDeclarativeUIDemo.app */,
			);
			name = Products;
			sourceTree = "<group>";
		};
		7118D4FD25FE018C00A84FCD /* KindaDeclarativeUIDemo */ = {
			isa = PBXGroup;
			children = (
				718BA681262832AF00FD9F6B /* StackView+SwiftUI.swift */,
				7118D4FE25FE018C00A84FCD /* KindaDeclarativeUIDemoApp.swift */,
				7118D50025FE018C00A84FCD /* ContentView.swift */,
				7118D50225FE018D00A84FCD /* Assets.xcassets */,
				7118D50725FE018D00A84FCD /* Info.plist */,
				7118D50425FE018D00A84FCD /* Preview Content */,
			);
			path = KindaDeclarativeUIDemo;
			sourceTree = "<group>";
		};
		7118D50425FE018D00A84FCD /* Preview Content */ = {
			isa = PBXGroup;
			children = (
				7118D50525FE018D00A84FCD /* Preview Assets.xcassets */,
			);
			path = "Preview Content";
			sourceTree = "<group>";
		};
		71A5B22F25FE030C000A8CB4 /* Frameworks */ = {
			isa = PBXGroup;
			children = (
			);
			name = Frameworks;
			sourceTree = "<group>";
		};
/* End PBXGroup section */

/* Begin PBXNativeTarget section */
		7118D4FA25FE018C00A84FCD /* KindaDeclarativeUIDemo */ = {
			isa = PBXNativeTarget;
			buildConfigurationList = 7118D50A25FE018D00A84FCD /* Build configuration list for PBXNativeTarget "KindaDeclarativeUIDemo" */;
			buildPhases = (
				7118D4F725FE018C00A84FCD /* Sources */,
				7118D4F825FE018C00A84FCD /* Frameworks */,
				7118D4F925FE018C00A84FCD /* Resources */,
			);
			buildRules = (
			);
			dependencies = (
			);
			name = KindaDeclarativeUIDemo;
			packageProductDependencies = (
				713798B025FE049200A7FB73 /* KindaDeclarativeUI */,
			);
			productName = KindaDeclarativeUIDemo;
			productReference = 7118D4FB25FE018C00A84FCD /* KindaDeclarativeUIDemo.app */;
			productType = "com.apple.product-type.application";
		};
/* End PBXNativeTarget section */

/* Begin PBXProject section */
		7118D4F325FE018C00A84FCD /* Project object */ = {
			isa = PBXProject;
			attributes = {
				LastSwiftUpdateCheck = 1240;
				LastUpgradeCheck = 1240;
				TargetAttributes = {
					7118D4FA25FE018C00A84FCD = {
						CreatedOnToolsVersion = 12.4;
					};
				};
			};
			buildConfigurationList = 7118D4F625FE018C00A84FCD /* Build configuration list for PBXProject "KindaDeclarativeUIDemo" */;
			compatibilityVersion = "Xcode 9.3";
			developmentRegion = en;
			hasScannedForEncodings = 0;
			knownRegions = (
				en,
				Base,
			);
			mainGroup = 7118D4F225FE018C00A84FCD;
			productRefGroup = 7118D4FC25FE018C00A84FCD /* Products */;
			projectDirPath = "";
			projectRoot = "";
			targets = (
				7118D4FA25FE018C00A84FCD /* KindaDeclarativeUIDemo */,
			);
		};
/* End PBXProject section */

/* Begin PBXResourcesBuildPhase section */
		7118D4F925FE018C00A84FCD /* Resources */ = {
			isa = PBXResourcesBuildPhase;
			buildActionMask = 2147483647;
			files = (
				7118D50625FE018D00A84FCD /* Preview Assets.xcassets in Resources */,
				7118D50325FE018D00A84FCD /* Assets.xcassets in Resources */,
			);
			runOnlyForDeploymentPostprocessing = 0;
		};
/* End PBXResourcesBuildPhase section */

/* Begin PBXSourcesBuildPhase section */
		7118D4F725FE018C00A84FCD /* Sources */ = {
			isa = PBXSourcesBuildPhase;
			buildActionMask = 2147483647;
			files = (
				7118D50125FE018C00A84FCD /* ContentView.swift in Sources */,
				718BA682262832AF00FD9F6B /* StackView+SwiftUI.swift in Sources */,
				7118D4FF25FE018C00A84FCD /* KindaDeclarativeUIDemoApp.swift in Sources */,
			);
			runOnlyForDeploymentPostprocessing = 0;
		};
/* End PBXSourcesBuildPhase section */

/* Begin XCBuildConfiguration section */
		7118D50825FE018D00A84FCD /* Debug */ = {
			isa = XCBuildConfiguration;
			buildSettings = {
				ALWAYS_SEARCH_USER_PATHS = NO;
				CLANG_ANALYZER_NONNULL = YES;
				CLANG_ANALYZER_NUMBER_OBJECT_CONVERSION = YES_AGGRESSIVE;
				CLANG_CXX_LANGUAGE_STANDARD = "gnu++14";
				CLANG_CXX_LIBRARY = "libc++";
				CLANG_ENABLE_MODULES = YES;
				CLANG_ENABLE_OBJC_ARC = YES;
				CLANG_ENABLE_OBJC_WEAK = YES;
				CLANG_WARN_BLOCK_CAPTURE_AUTORELEASING = YES;
				CLANG_WARN_BOOL_CONVERSION = YES;
				CLANG_WARN_COMMA = YES;
				CLANG_WARN_CONSTANT_CONVERSION = YES;
				CLANG_WARN_DEPRECATED_OBJC_IMPLEMENTATIONS = YES;
				CLANG_WARN_DIRECT_OBJC_ISA_USAGE = YES_ERROR;
				CLANG_WARN_DOCUMENTATION_COMMENTS = YES;
				CLANG_WARN_EMPTY_BODY = YES;
				CLANG_WARN_ENUM_CONVERSION = YES;
				CLANG_WARN_INFINITE_RECURSION = YES;
				CLANG_WARN_INT_CONVERSION = YES;
				CLANG_WARN_NON_LITERAL_NULL_CONVERSION = YES;
				CLANG_WARN_OBJC_IMPLICIT_RETAIN_SELF = YES;
				CLANG_WARN_OBJC_LITERAL_CONVERSION = YES;
				CLANG_WARN_OBJC_ROOT_CLASS = YES_ERROR;
				CLANG_WARN_QUOTED_INCLUDE_IN_FRAMEWORK_HEADER = YES;
				CLANG_WARN_RANGE_LOOP_ANALYSIS = YES;
				CLANG_WARN_STRICT_PROTOTYPES = YES;
				CLANG_WARN_SUSPICIOUS_MOVE = YES;
				CLANG_WARN_UNGUARDED_AVAILABILITY = YES_AGGRESSIVE;
				CLANG_WARN_UNREACHABLE_CODE = YES;
				CLANG_WARN__DUPLICATE_METHOD_MATCH = YES;
				COPY_PHASE_STRIP = NO;
				DEBUG_INFORMATION_FORMAT = dwarf;
				ENABLE_STRICT_OBJC_MSGSEND = YES;
				ENABLE_TESTABILITY = YES;
				GCC_C_LANGUAGE_STANDARD = gnu11;
				GCC_DYNAMIC_NO_PIC = NO;
				GCC_NO_COMMON_BLOCKS = YES;
				GCC_OPTIMIZATION_LEVEL = 0;
				GCC_PREPROCESSOR_DEFINITIONS = (
					"DEBUG=1",
					"$(inherited)",
				);
				GCC_WARN_64_TO_32_BIT_CONVERSION = YES;
				GCC_WARN_ABOUT_RETURN_TYPE = YES_ERROR;
				GCC_WARN_UNDECLARED_SELECTOR = YES;
				GCC_WARN_UNINITIALIZED_AUTOS = YES_AGGRESSIVE;
				GCC_WARN_UNUSED_FUNCTION = YES;
				GCC_WARN_UNUSED_VARIABLE = YES;
				IPHONEOS_DEPLOYMENT_TARGET = 14.4;
				MTL_ENABLE_DEBUG_INFO = INCLUDE_SOURCE;
				MTL_FAST_MATH = YES;
				ONLY_ACTIVE_ARCH = YES;
				SDKROOT = iphoneos;
				SWIFT_ACTIVE_COMPILATION_CONDITIONS = DEBUG;
				SWIFT_OPTIMIZATION_LEVEL = "-Onone";
			};
			name = Debug;
		};
		7118D50925FE018D00A84FCD /* Release */ = {
			isa = XCBuildConfiguration;
			buildSettings = {
				ALWAYS_SEARCH_USER_PATHS = NO;
				CLANG_ANALYZER_NONNULL = YES;
				CLANG_ANALYZER_NUMBER_OBJECT_CONVERSION = YES_AGGRESSIVE;
				CLANG_CXX_LANGUAGE_STANDARD = "gnu++14";
				CLANG_CXX_LIBRARY = "libc++";
				CLANG_ENABLE_MODULES = YES;
				CLANG_ENABLE_OBJC_ARC = YES;
				CLANG_ENABLE_OBJC_WEAK = YES;
				CLANG_WARN_BLOCK_CAPTURE_AUTORELEASING = YES;
				CLANG_WARN_BOOL_CONVERSION = YES;
				CLANG_WARN_COMMA = YES;
				CLANG_WARN_CONSTANT_CONVERSION = YES;
				CLANG_WARN_DEPRECATED_OBJC_IMPLEMENTATIONS = YES;
				CLANG_WARN_DIRECT_OBJC_ISA_USAGE = YES_ERROR;
				CLANG_WARN_DOCUMENTATION_COMMENTS = YES;
				CLANG_WARN_EMPTY_BODY = YES;
				CLANG_WARN_ENUM_CONVERSION = YES;
				CLANG_WARN_INFINITE_RECURSION = YES;
				CLANG_WARN_INT_CONVERSION = YES;
				CLANG_WARN_NON_LITERAL_NULL_CONVERSION = YES;
				CLANG_WARN_OBJC_IMPLICIT_RETAIN_SELF = YES;
				CLANG_WARN_OBJC_LITERAL_CONVERSION = YES;
				CLANG_WARN_OBJC_ROOT_CLASS = YES_ERROR;
				CLANG_WARN_QUOTED_INCLUDE_IN_FRAMEWORK_HEADER = YES;
				CLANG_WARN_RANGE_LOOP_ANALYSIS = YES;
				CLANG_WARN_STRICT_PROTOTYPES = YES;
				CLANG_WARN_SUSPICIOUS_MOVE = YES;
				CLANG_WARN_UNGUARDED_AVAILABILITY = YES_AGGRESSIVE;
				CLANG_WARN_UNREACHABLE_CODE = YES;
				CLANG_WARN__DUPLICATE_METHOD_MATCH = YES;
				COPY_PHASE_STRIP = NO;
				DEBUG_INFORMATION_FORMAT = "dwarf-with-dsym";
				ENABLE_NS_ASSERTIONS = NO;
				ENABLE_STRICT_OBJC_MSGSEND = YES;
				GCC_C_LANGUAGE_STANDARD = gnu11;
				GCC_NO_COMMON_BLOCKS = YES;
				GCC_WARN_64_TO_32_BIT_CONVERSION = YES;
				GCC_WARN_ABOUT_RETURN_TYPE = YES_ERROR;
				GCC_WARN_UNDECLARED_SELECTOR = YES;
				GCC_WARN_UNINITIALIZED_AUTOS = YES_AGGRESSIVE;
				GCC_WARN_UNUSED_FUNCTION = YES;
				GCC_WARN_UNUSED_VARIABLE = YES;
				IPHONEOS_DEPLOYMENT_TARGET = 14.4;
				MTL_ENABLE_DEBUG_INFO = NO;
				MTL_FAST_MATH = YES;
				SDKROOT = iphoneos;
				SWIFT_COMPILATION_MODE = wholemodule;
				SWIFT_OPTIMIZATION_LEVEL = "-O";
				VALIDATE_PRODUCT = YES;
			};
			name = Release;
		};
		7118D50B25FE018D00A84FCD /* Debug */ = {
			isa = XCBuildConfiguration;
			buildSettings = {
				ASSETCATALOG_COMPILER_APPICON_NAME = AppIcon;
				ASSETCATALOG_COMPILER_GLOBAL_ACCENT_COLOR_NAME = AccentColor;
				CODE_SIGN_STYLE = Automatic;
				DEVELOPMENT_ASSET_PATHS = "\"KindaDeclarativeUIDemo/Preview Content\"";
				DEVELOPMENT_TEAM = 7G9QJ9825A;
				ENABLE_PREVIEWS = YES;
				INFOPLIST_FILE = KindaDeclarativeUIDemo/Info.plist;
				IPHONEOS_DEPLOYMENT_TARGET = 14.0;
				LD_RUNPATH_SEARCH_PATHS = (
					"$(inherited)",
					"@executable_path/Frameworks",
				);
				PRODUCT_BUNDLE_IDENTIFIER = io.github.akbashev.KindaDeclarativeUIDemo;
				PRODUCT_NAME = "$(TARGET_NAME)";
				SWIFT_VERSION = 5.0;
				TARGETED_DEVICE_FAMILY = "1,2";
			};
			name = Debug;
		};
		7118D50C25FE018D00A84FCD /* Release */ = {
			isa = XCBuildConfiguration;
			buildSettings = {
				ASSETCATALOG_COMPILER_APPICON_NAME = AppIcon;
				ASSETCATALOG_COMPILER_GLOBAL_ACCENT_COLOR_NAME = AccentColor;
				CODE_SIGN_STYLE = Automatic;
				DEVELOPMENT_ASSET_PATHS = "\"KindaDeclarativeUIDemo/Preview Content\"";
				DEVELOPMENT_TEAM = 7G9QJ9825A;
				ENABLE_PREVIEWS = YES;
				INFOPLIST_FILE = KindaDeclarativeUIDemo/Info.plist;
				IPHONEOS_DEPLOYMENT_TARGET = 14.0;
				LD_RUNPATH_SEARCH_PATHS = (
					"$(inherited)",
					"@executable_path/Frameworks",
				);
				PRODUCT_BUNDLE_IDENTIFIER = io.github.akbashev.KindaDeclarativeUIDemo;
				PRODUCT_NAME = "$(TARGET_NAME)";
				SWIFT_VERSION = 5.0;
				TARGETED_DEVICE_FAMILY = "1,2";
			};
			name = Release;
		};
/* End XCBuildConfiguration section */

/* Begin XCConfigurationList section */
		7118D4F625FE018C00A84FCD /* Build configuration list for PBXProject "KindaDeclarativeUIDemo" */ = {
			isa = XCConfigurationList;
			buildConfigurations = (
				7118D50825FE018D00A84FCD /* Debug */,
				7118D50925FE018D00A84FCD /* Release */,
			);
			defaultConfigurationIsVisible = 0;
			defaultConfigurationName = Release;
		};
		7118D50A25FE018D00A84FCD /* Build configuration list for PBXNativeTarget "KindaDeclarativeUIDemo" */ = {
			isa = XCConfigurationList;
			buildConfigurations = (
				7118D50B25FE018D00A84FCD /* Debug */,
				7118D50C25FE018D00A84FCD /* Release */,
			);
			defaultConfigurationIsVisible = 0;
			defaultConfigurationName = Release;
		};
/* End XCConfigurationList section */

/* Begin XCSwiftPackageProductDependency section */
		713798B025FE049200A7FB73 /* KindaDeclarativeUI */ = {
			isa = XCSwiftPackageProductDependency;
			productName = KindaDeclarativeUI;
		};
/* End XCSwiftPackageProductDependency section */
	};
	rootObject = 7118D4F325FE018C00A84FCD /* Project object */;
}
